
Microsoft Visual Studio Solution File, Format Version 12.00
# Visual Studio 15
VisualStudioVersion = 15.0.28010.2048
MinimumVisualStudioVersion = 10.0.40219.1
Project("{FAE04EC0-301F-11D3-BF4B-00C04F79EFBC}") = "TelaAdmOuvidoria", "TelaAdmOuvidoria\TelaAdmOuvidoria.csproj", "{E5B5B80F-D600-47E8-BD87-0CC82502FE16}"
EndProject
Global
	GlobalSection(SolutionConfigurationPlatforms) = preSolution
		Debug|Any CPU = Debug|Any CPU
		Release|Any CPU = Release|Any CPU
	EndGlobalSection
	GlobalSection(ProjectConfigurationPlatforms) = postSolution
		{E5B5B80F-D600-47E8-BD87-0CC82502FE16}.Debug|Any CPU.ActiveCfg = Debug|Any CPU
		{E5B5B80F-D600-47E8-BD87-0CC82502FE16}.Debug|Any CPU.Build.0 = Debug|Any CPU
		{E5B5B80F-D600-47E8-BD87-0CC82502FE16}.Release|Any CPU.ActiveCfg = Release|Any CPU
		{E5B5B80F-D600-47E8-BD87-0CC82502FE16}.Release|Any CPU.Build.0 = Release|Any CPU
	EndGlobalSection
	GlobalSection(SolutionProperties) = preSolution
		HideSolutionNode = FALSE
	EndGlobalSection
	GlobalSection(ExtensibilityGlobals) = postSolution
		SolutionGuid = {A2311D85-6D1C-4139-8BA6-290881FF0F19}
	EndGlobalSection
EndGlobal
